// !$*UTF8*$!
{
	archiveVersion = 1;
	classes = {
	};
	objectVersion = 55;
	objects = {

/* Begin PBXBuildFile section */
		0FEC8B922895CB7D008223F1 /* DAY2_CW_2App.swift in Sources */ = {isa = PBXBuildFile; fileRef = 0FEC8B912895CB7D008223F1 /* DAY2_CW_2App.swift */; };
		0FEC8B942895CB7D008223F1 /* ContentView.swift in Sources */ = {isa = PBXBuildFile; fileRef = 0FEC8B932895CB7D008223F1 /* ContentView.swift */; };
		0FEC8B962895CB7E008223F1 /* Assets.xcassets in Resources */ = {isa = PBXBuildFile; fileRef = 0FEC8B952895CB7E008223F1 /* Assets.xcassets */; };
		0FEC8B992895CB7E008223F1 /* Preview Assets.xcassets in Resources */ = {isa = PBXBuildFile; fileRef = 0FEC8B982895CB7E008223F1 /* Preview Assets.xcassets */; };
		0FEC8BA32895CB7E008223F1 /* DAY2_CW_2Tests.swift in Sources */ = {isa = PBXBuildFile; fileRef = 0FEC8BA22895CB7E008223F1 /* DAY2_CW_2Tests.swift */; };
		0FEC8BAD2895CB7E008223F1 /* DAY2_CW_2UITests.swift in Sources */ = {isa = PBXBuildFile; fileRef = 0FEC8BAC2895CB7E008223F1 /* DAY2_CW_2UITests.swift */; };
		0FEC8BAF2895CB7E008223F1 /* DAY2_CW_2UITestsLaunchTests.swift in Sources */ = {isa = PBXBuildFile; fileRef = 0FEC8BAE2895CB7E008223F1 /* DAY2_CW_2UITestsLaunchTests.swift */; };
		0FEC8BBE2895D859008223F1 /* Tajawal-Bold.ttf in Resources */ = {isa = PBXBuildFile; fileRef = 0FEC8BBD2895D859008223F1 /* Tajawal-Bold.ttf */; };
/* End PBXBuildFile section */

/* Begin PBXContainerItemProxy section */
		0FEC8B9F2895CB7E008223F1 /* PBXContainerItemProxy */ = {
			isa = PBXContainerItemProxy;
			containerPortal = 0FEC8B862895CB7D008223F1 /* Project object */;
			proxyType = 1;
			remoteGlobalIDString = 0FEC8B8D2895CB7D008223F1;
			remoteInfo = "DAY2 CW-2";
		};
		0FEC8BA92895CB7E008223F1 /* PBXContainerItemProxy */ = {
			isa = PBXContainerItemProxy;
			containerPortal = 0FEC8B862895CB7D008223F1 /* Project object */;
			proxyType = 1;
			remoteGlobalIDString = 0FEC8B8D2895CB7D008223F1;
			remoteInfo = "DAY2 CW-2";
		};
/* End PBXContainerItemProxy section */

/* Begin PBXFileReference section */
		0FEC8B8E2895CB7D008223F1 /* DAY2 CW-2.app */ = {isa = PBXFileReference; explicitFileType = wrapper.application; includeInIndex = 0; path = "DAY2 CW-2.app"; sourceTree = BUILT_PRODUCTS_DIR; };
		0FEC8B912895CB7D008223F1 /* DAY2_CW_2App.swift */ = {isa = PBXFileReference; lastKnownFileType = sourcecode.swift; path = DAY2_CW_2App.swift; sourceTree = "<group>"; };
		0FEC8B932895CB7D008223F1 /* ContentView.swift */ = {isa = PBXFileReference; lastKnownFileType = sourcecode.swift; path = ContentView.swift; sourceTree = "<group>"; };
		0FEC8B952895CB7E008223F1 /* Assets.xcassets */ = {isa = PBXFileReference; lastKnownFileType = folder.assetcatalog; path = Assets.xcassets; sourceTree = "<group>"; };
		0FEC8B982895CB7E008223F1 /* Preview Assets.xcassets */ = {isa = PBXFileReference; lastKnownFileType = folder.assetcatalog; path = "Preview Assets.xcassets"; sourceTree = "<group>"; };
		0FEC8B9E2895CB7E008223F1 /* DAY2 CW-2Tests.xctest */ = {isa = PBXFileReference; explicitFileType = wrapper.cfbundle; includeInIndex = 0; path = "DAY2 CW-2Tests.xctest"; sourceTree = BUILT_PRODUCTS_DIR; };
		0FEC8BA22895CB7E008223F1 /* DAY2_CW_2Tests.swift */ = {isa = PBXFileReference; lastKnownFileType = sourcecode.swift; path = DAY2_CW_2Tests.swift; sourceTree = "<group>"; };
		0FEC8BA82895CB7E008223F1 /* DAY2 CW-2UITests.xctest */ = {isa = PBXFileReference; explicitFileType = wrapper.cfbundle; includeInIndex = 0; path = "DAY2 CW-2UITests.xctest"; sourceTree = BUILT_PRODUCTS_DIR; };
		0FEC8BAC2895CB7E008223F1 /* DAY2_CW_2UITests.swift */ = {isa = PBXFileReference; lastKnownFileType = sourcecode.swift; path = DAY2_CW_2UITests.swift; sourceTree = "<group>"; };
		0FEC8BAE2895CB7E008223F1 /* DAY2_CW_2UITestsLaunchTests.swift */ = {isa = PBXFileReference; lastKnownFileType = sourcecode.swift; path = DAY2_CW_2UITestsLaunchTests.swift; sourceTree = "<group>"; };
		0FEC8BBD2895D859008223F1 /* Tajawal-Bold.ttf */ = {isa = PBXFileReference; lastKnownFileType = file; name = "Tajawal-Bold.ttf"; path = "../../../../../../Downloads/Tajawal/Tajawal-Bold.ttf"; sourceTree = "<group>"; };
/* End PBXFileReference section */

/* Begin PBXFrameworksBuildPhase section */
		0FEC8B8B2895CB7D008223F1 /* Frameworks */ = {
			isa = PBXFrameworksBuildPhase;
			buildActionMask = 2147483647;
			files = (
			);
			runOnlyForDeploymentPostprocessing = 0;
		};
		0FEC8B9B2895CB7E008223F1 /* Frameworks */ = {
			isa = PBXFrameworksBuildPhase;
			buildActionMask = 2147483647;
			files = (
			);
			runOnlyForDeploymentPostprocessing = 0;
		};
		0FEC8BA52895CB7E008223F1 /* Frameworks */ = {
			isa = PBXFrameworksBuildPhase;
			buildActionMask = 2147483647;
			files = (
			);
			runOnlyForDeploymentPostprocessing = 0;
		};
/* End PBXFrameworksBuildPhase section */

/* Begin PBXGroup section */
		0FEC8B852895CB7D008223F1 = {
			isa = PBXGroup;
			children = (
				0FEC8B902895CB7D008223F1 /* DAY2 CW-2 */,
				0FEC8BA12895CB7E008223F1 /* DAY2 CW-2Tests */,
				0FEC8BAB2895CB7E008223F1 /* DAY2 CW-2UITests */,
				0FEC8B8F2895CB7D008223F1 /* Products */,
			);
			sourceTree = "<group>";
		};
		0FEC8B8F2895CB7D008223F1 /* Products */ = {
			isa = PBXGroup;
			children = (
				0FEC8B8E2895CB7D008223F1 /* DAY2 CW-2.app */,
				0FEC8B9E2895CB7E008223F1 /* DAY2 CW-2Tests.xctest */,
				0FEC8BA82895CB7E008223F1 /* DAY2 CW-2UITests.xctest */,
			);
			name = Products;
			sourceTree = "<group>";
		};
		0FEC8B902895CB7D008223F1 /* DAY2 CW-2 */ = {
			isa = PBXGroup;
			children = (
				0FEC8B912895CB7D008223F1 /* DAY2_CW_2App.swift */,
				0FEC8B932895CB7D008223F1 /* ContentView.swift */,
				0FEC8B952895CB7E008223F1 /* Assets.xcassets */,
				0FEC8BBD2895D859008223F1 /* Tajawal-Bold.ttf */,
				0FEC8B972895CB7E008223F1 /* Preview Content */,
			);
			path = "DAY2 CW-2";
			sourceTree = "<group>";
		};
		0FEC8B972895CB7E008223F1 /* Preview Content */ = {
			isa = PBXGroup;
			children = (
				0FEC8B982895CB7E008223F1 /* Preview Assets.xcassets */,
			);
			path = "Preview Content";
			sourceTree = "<group>";
		};
		0FEC8BA12895CB7E008223F1 /* DAY2 CW-2Tests */ = {
			isa = PBXGroup;
			children = (
				0FEC8BA22895CB7E008223F1 /* DAY2_CW_2Tests.swift */,
			);
			path = "DAY2 CW-2Tests";
			sourceTree = "<group>";
		};
		0FEC8BAB2895CB7E008223F1 /* DAY2 CW-2UITests */ = {
			isa = PBXGroup;
			children = (
				0FEC8BAC2895CB7E008223F1 /* DAY2_CW_2UITests.swift */,
				0FEC8BAE2895CB7E008223F1 /* DAY2_CW_2UITestsLaunchTests.swift */,
			);
			path = "DAY2 CW-2UITests";
			sourceTree = "<group>";
		};
/* End PBXGroup section */

/* Begin PBXNativeTarget section */
		0FEC8B8D2895CB7D008223F1 /* DAY2 CW-2 */ = {
			isa = PBXNativeTarget;
			buildConfigurationList = 0FEC8BB22895CB7E008223F1 /* Build configuration list for PBXNativeTarget "DAY2 CW-2" */;
			buildPhases = (
				0FEC8B8A2895CB7D008223F1 /* Sources */,
				0FEC8B8B2895CB7D008223F1 /* Frameworks */,
				0FEC8B8C2895CB7D008223F1 /* Resources */,
			);
			buildRules = (
			);
			dependencies = (
			);
			name = "DAY2 CW-2";
			productName = "DAY2 CW-2";
			productReference = 0FEC8B8E2895CB7D008223F1 /* DAY2 CW-2.app */;
			productType = "com.apple.product-type.application";
		};
		0FEC8B9D2895CB7E008223F1 /* DAY2 CW-2Tests */ = {
			isa = PBXNativeTarget;
			buildConfigurationList = 0FEC8BB52895CB7E008223F1 /* Build configuration list for PBXNativeTarget "DAY2 CW-2Tests" */;
			buildPhases = (
				0FEC8B9A2895CB7E008223F1 /* Sources */,
				0FEC8B9B2895CB7E008223F1 /* Frameworks */,
				0FEC8B9C2895CB7E008223F1 /* Resources */,
			);
			buildRules = (
			);
			dependencies = (
				0FEC8BA02895CB7E008223F1 /* PBXTargetDependency */,
			);
			name = "DAY2 CW-2Tests";
			productName = "DAY2 CW-2Tests";
			productReference = 0FEC8B9E2895CB7E008223F1 /* DAY2 CW-2Tests.xctest */;
			productType = "com.apple.product-type.bundle.unit-test";
		};
		0FEC8BA72895CB7E008223F1 /* DAY2 CW-2UITests */ = {
			isa = PBXNativeTarget;
			buildConfigurationList = 0FEC8BB82895CB7E008223F1 /* Build configuration list for PBXNativeTarget "DAY2 CW-2UITests" */;
			buildPhases = (
				0FEC8BA42895CB7E008223F1 /* Sources */,
				0FEC8BA52895CB7E008223F1 /* Frameworks */,
				0FEC8BA62895CB7E008223F1 /* Resources */,
			);
			buildRules = (
			);
			dependencies = (
				0FEC8BAA2895CB7E008223F1 /* PBXTargetDependency */,
			);
			name = "DAY2 CW-2UITests";
			productName = "DAY2 CW-2UITests";
			productReference = 0FEC8BA82895CB7E008223F1 /* DAY2 CW-2UITests.xctest */;
			productType = "com.apple.product-type.bundle.ui-testing";
		};
/* End PBXNativeTarget section */

/* Begin PBXProject section */
		0FEC8B862895CB7D008223F1 /* Project object */ = {
			isa = PBXProject;
			attributes = {
				BuildIndependentTargetsInParallel = 1;
				LastSwiftUpdateCheck = 1340;
				LastUpgradeCheck = 1340;
				TargetAttributes = {
					0FEC8B8D2895CB7D008223F1 = {
						CreatedOnToolsVersion = 13.4.1;
					};
					0FEC8B9D2895CB7E008223F1 = {
						CreatedOnToolsVersion = 13.4.1;
						TestTargetID = 0FEC8B8D2895CB7D008223F1;
					};
					0FEC8BA72895CB7E008223F1 = {
						CreatedOnToolsVersion = 13.4.1;
						TestTargetID = 0FEC8B8D2895CB7D008223F1;
					};
				};
			};
			buildConfigurationList = 0FEC8B892895CB7D008223F1 /* Build configuration list for PBXProject "DAY2 CW-2" */;
			compatibilityVersion = "Xcode 13.0";
			developmentRegion = en;
			hasScannedForEncodings = 0;
			knownRegions = (
				en,
				Base,
			);
			mainGroup = 0FEC8B852895CB7D008223F1;
			productRefGroup = 0FEC8B8F2895CB7D008223F1 /* Products */;
			projectDirPath = "";
			projectRoot = "";
			targets = (
				0FEC8B8D2895CB7D008223F1 /* DAY2 CW-2 */,
				0FEC8B9D2895CB7E008223F1 /* DAY2 CW-2Tests */,
				0FEC8BA72895CB7E008223F1 /* DAY2 CW-2UITests */,
			);
		};
/* End PBXProject section */

/* Begin PBXResourcesBuildPhase section */
		0FEC8B8C2895CB7D008223F1 /* Resources */ = {
			isa = PBXResourcesBuildPhase;
			buildActionMask = 2147483647;
			files = (
				0FEC8B992895CB7E008223F1 /* Preview Assets.xcassets in Resources */,
				0FEC8BBE2895D859008223F1 /* Tajawal-Bold.ttf in Resources */,
				0FEC8B962895CB7E008223F1 /* Assets.xcassets in Resources */,
			);
			runOnlyForDeploymentPostprocessing = 0;
		};
		0FEC8B9C2895CB7E008223F1 /* Resources */ = {
			isa = PBXResourcesBuildPhase;
			buildActionMask = 2147483647;
			files = (
			);
			runOnlyForDeploymentPostprocessing = 0;
		};
		0FEC8BA62895CB7E008223F1 /* Resources */ = {
			isa = PBXResourcesBuildPhase;
			buildActionMask = 2147483647;
			files = (
			);
			runOnlyForDeploymentPostprocessing = 0;
		};
/* End PBXResourcesBuildPhase section */

/* Begin PBXSourcesBuildPhase section */
		0FEC8B8A2895CB7D008223F1 /* Sources */ = {
			isa = PBXSourcesBuildPhase;
			buildActionMask = 2147483647;
			files = (
				0FEC8B942895CB7D008223F1 /* ContentView.swift in Sources */,
				0FEC8B922895CB7D008223F1 /* DAY2_CW_2App.swift in Sources */,
			);
			runOnlyForDeploymentPostprocessing = 0;
		};
		0FEC8B9A2895CB7E008223F1 /* Sources */ = {
			isa = PBXSourcesBuildPhase;
			buildActionMask = 2147483647;
			files = (
				0FEC8BA32895CB7E008223F1 /* DAY2_CW_2Tests.swift in Sources */,
			);
			runOnlyForDeploymentPostprocessing = 0;
		};
		0FEC8BA42895CB7E008223F1 /* Sources */ = {
			isa = PBXSourcesBuildPhase;
			buildActionMask = 2147483647;
			files = (
				0FEC8BAD2895CB7E008223F1 /* DAY2_CW_2UITests.swift in Sources */,
				0FEC8BAF2895CB7E008223F1 /* DAY2_CW_2UITestsLaunchTests.swift in Sources */,
			);
			runOnlyForDeploymentPostprocessing = 0;
		};
/* End PBXSourcesBuildPhase section */

/* Begin PBXTargetDependency section */
		0FEC8BA02895CB7E008223F1 /* PBXTargetDependency */ = {
			isa = PBXTargetDependency;
			target = 0FEC8B8D2895CB7D008223F1 /* DAY2 CW-2 */;
			targetProxy = 0FEC8B9F2895CB7E008223F1 /* PBXContainerItemProxy */;
		};
		0FEC8BAA2895CB7E008223F1 /* PBXTargetDependency */ = {
			isa = PBXTargetDependency;
			target = 0FEC8B8D2895CB7D008223F1 /* DAY2 CW-2 */;
			targetProxy = 0FEC8BA92895CB7E008223F1 /* PBXContainerItemProxy */;
		};
/* End PBXTargetDependency section */

/* Begin XCBuildConfiguration section */
		0FEC8BB02895CB7E008223F1 /* Debug */ = {
			isa = XCBuildConfiguration;
			buildSettings = {
				ALWAYS_SEARCH_USER_PATHS = NO;
				CLANG_ANALYZER_NONNULL = YES;
				CLANG_ANALYZER_NUMBER_OBJECT_CONVERSION = YES_AGGRESSIVE;
				CLANG_CXX_LANGUAGE_STANDARD = "gnu++17";
				CLANG_ENABLE_MODULES = YES;
				CLANG_ENABLE_OBJC_ARC = YES;
				CLANG_ENABLE_OBJC_WEAK = YES;
				CLANG_WARN_BLOCK_CAPTURE_AUTORELEASING = YES;
				CLANG_WARN_BOOL_CONVERSION = YES;
				CLANG_WARN_COMMA = YES;
				CLANG_WARN_CONSTANT_CONVERSION = YES;
				CLANG_WARN_DEPRECATED_OBJC_IMPLEMENTATIONS = YES;
				CLANG_WARN_DIRECT_OBJC_ISA_USAGE = YES_ERROR;
				CLANG_WARN_DOCUMENTATION_COMMENTS = YES;
				CLANG_WARN_EMPTY_BODY = YES;
				CLANG_WARN_ENUM_CONVERSION = YES;
				CLANG_WARN_INFINITE_RECURSION = YES;
				CLANG_WARN_INT_CONVERSION = YES;
				CLANG_WARN_NON_LITERAL_NULL_CONVERSION = YES;
				CLANG_WARN_OBJC_IMPLICIT_RETAIN_SELF = YES;
				CLANG_WARN_OBJC_LITERAL_CONVERSION = YES;
				CLANG_WARN_OBJC_ROOT_CLASS = YES_ERROR;
				CLANG_WARN_QUOTED_INCLUDE_IN_FRAMEWORK_HEADER = YES;
				CLANG_WARN_RANGE_LOOP_ANALYSIS = YES;
				CLANG_WARN_STRICT_PROTOTYPES = YES;
				CLANG_WARN_SUSPICIOUS_MOVE = YES;
				CLANG_WARN_UNGUARDED_AVAILABILITY = YES_AGGRESSIVE;
				CLANG_WARN_UNREACHABLE_CODE = YES;
				CLANG_WARN__DUPLICATE_METHOD_MATCH = YES;
				COPY_PHASE_STRIP = NO;
				DEBUG_INFORMATION_FORMAT = dwarf;
				ENABLE_STRICT_OBJC_MSGSEND = YES;
				ENABLE_TESTABILITY = YES;
				GCC_C_LANGUAGE_STANDARD = gnu11;
				GCC_DYNAMIC_NO_PIC = NO;
				GCC_NO_COMMON_BLOCKS = YES;
				GCC_OPTIMIZATION_LEVEL = 0;
				GCC_PREPROCESSOR_DEFINITIONS = (
					"DEBUG=1",
					"$(inherited)",
				);
				GCC_WARN_64_TO_32_BIT_CONVERSION = YES;
				GCC_WARN_ABOUT_RETURN_TYPE = YES_ERROR;
				GCC_WARN_UNDECLARED_SELECTOR = YES;
				GCC_WARN_UNINITIALIZED_AUTOS = YES_AGGRESSIVE;
				GCC_WARN_UNUSED_FUNCTION = YES;
				GCC_WARN_UNUSED_VARIABLE = YES;
				IPHONEOS_DEPLOYMENT_TARGET = 15.5;
				MTL_ENABLE_DEBUG_INFO = INCLUDE_SOURCE;
				MTL_FAST_MATH = YES;
				ONLY_ACTIVE_ARCH = YES;
				SDKROOT = iphoneos;
				SWIFT_ACTIVE_COMPILATION_CONDITIONS = DEBUG;
				SWIFT_OPTIMIZATION_LEVEL = "-Onone";
			};
			name = Debug;
		};
		0FEC8BB12895CB7E008223F1 /* Release */ = {
			isa = XCBuildConfiguration;
			buildSettings = {
				ALWAYS_SEARCH_USER_PATHS = NO;
				CLANG_ANALYZER_NONNULL = YES;
				CLANG_ANALYZER_NUMBER_OBJECT_CONVERSION = YES_AGGRESSIVE;
				CLANG_CXX_LANGUAGE_STANDARD = "gnu++17";
				CLANG_ENABLE_MODULES = YES;
				CLANG_ENABLE_OBJC_ARC = YES;
				CLANG_ENABLE_OBJC_WEAK = YES;
				CLANG_WARN_BLOCK_CAPTURE_AUTORELEASING = YES;
				CLANG_WARN_BOOL_CONVERSION = YES;
				CLANG_WARN_COMMA = YES;
				CLANG_WARN_CONSTANT_CONVERSION = YES;
				CLANG_WARN_DEPRECATED_OBJC_IMPLEMENTATIONS = YES;
				CLANG_WARN_DIRECT_OBJC_ISA_USAGE = YES_ERROR;
				CLANG_WARN_DOCUMENTATION_COMMENTS = YES;
				CLANG_WARN_EMPTY_BODY = YES;
				CLANG_WARN_ENUM_CONVERSION = YES;
				CLANG_WARN_INFINITE_RECURSION = YES;
				CLANG_WARN_INT_CONVERSION = YES;
				CLANG_WARN_NON_LITERAL_NULL_CONVERSION = YES;
				CLANG_WARN_OBJC_IMPLICIT_RETAIN_SELF = YES;
				CLANG_WARN_OBJC_LITERAL_CONVERSION = YES;
				CLANG_WARN_OBJC_ROOT_CLASS = YES_ERROR;
				CLANG_WARN_QUOTED_INCLUDE_IN_FRAMEWORK_HEADER = YES;
				CLANG_WARN_RANGE_LOOP_ANALYSIS = YES;
				CLANG_WARN_STRICT_PROTOTYPES = YES;
				CLANG_WARN_SUSPICIOUS_MOVE = YES;
				CLANG_WARN_UNGUARDED_AVAILABILITY = YES_AGGRESSIVE;
				CLANG_WARN_UNREACHABLE_CODE = YES;
				CLANG_WARN__DUPLICATE_METHOD_MATCH = YES;
				COPY_PHASE_STRIP = NO;
				DEBUG_INFORMATION_FORMAT = "dwarf-with-dsym";
				ENABLE_NS_ASSERTIONS = NO;
				ENABLE_STRICT_OBJC_MSGSEND = YES;
				GCC_C_LANGUAGE_STANDARD = gnu11;
				GCC_NO_COMMON_BLOCKS = YES;
				GCC_WARN_64_TO_32_BIT_CONVERSION = YES;
				GCC_WARN_ABOUT_RETURN_TYPE = YES_ERROR;
				GCC_WARN_UNDECLARED_SELECTOR = YES;
				GCC_WARN_UNINITIALIZED_AUTOS = YES_AGGRESSIVE;
				GCC_WARN_UNUSED_FUNCTION = YES;
				GCC_WARN_UNUSED_VARIABLE = YES;
				IPHONEOS_DEPLOYMENT_TARGET = 15.5;
				MTL_ENABLE_DEBUG_INFO = NO;
				MTL_FAST_MATH = YES;
				SDKROOT = iphoneos;
				SWIFT_COMPILATION_MODE = wholemodule;
				SWIFT_OPTIMIZATION_LEVEL = "-O";
				VALIDATE_PRODUCT = YES;
			};
			name = Release;
		};
		0FEC8BB32895CB7E008223F1 /* Debug */ = {
			isa = XCBuildConfiguration;
			buildSettings = {
				ASSETCATALOG_COMPILER_APPICON_NAME = AppIcon;
				ASSETCATALOG_COMPILER_GLOBAL_ACCENT_COLOR_NAME = AccentColor;
				CODE_SIGN_STYLE = Automatic;
				CURRENT_PROJECT_VERSION = 1;
				DEVELOPMENT_ASSET_PATHS = "\"DAY2 CW-2/Preview Content\"";
				ENABLE_PREVIEWS = YES;
				GENERATE_INFOPLIST_FILE = YES;
				INFOPLIST_KEY_UIApplicationSceneManifest_Generation = YES;
				INFOPLIST_KEY_UIApplicationSupportsIndirectInputEvents = YES;
				INFOPLIST_KEY_UILaunchScreen_Generation = YES;
				INFOPLIST_KEY_UISupportedInterfaceOrientations_iPad = "UIInterfaceOrientationPortrait UIInterfaceOrientationPortraitUpsideDown UIInterfaceOrientationLandscapeLeft UIInterfaceOrientationLandscapeRight";
				INFOPLIST_KEY_UISupportedInterfaceOrientations_iPhone = "UIInterfaceOrientationPortrait UIInterfaceOrientationLandscapeLeft UIInterfaceOrientationLandscapeRight";
				LD_RUNPATH_SEARCH_PATHS = (
					"$(inherited)",
					"@executable_path/Frameworks",
				);
				MARKETING_VERSION = 1.0;
				PRODUCT_BUNDLE_IDENTIFIER = "com.shahad4l3jmi.DAY2-CW-2";
				PRODUCT_NAME = "$(TARGET_NAME)";
				SWIFT_EMIT_LOC_STRINGS = YES;
				SWIFT_VERSION = 5.0;
				TARGETED_DEVICE_FAMILY = "1,2";
			};
			name = Debug;
		};
		0FEC8BB42895CB7E008223F1 /* Release */ = {
			isa = XCBuildConfiguration;
			buildSettings = {
				ASSETCATALOG_COMPILER_APPICON_NAME = AppIcon;
				ASSETCATALOG_COMPILER_GLOBAL_ACCENT_COLOR_NAME = AccentColor;
				CODE_SIGN_STYLE = Automatic;
				CURRENT_PROJECT_VERSION = 1;
				DEVELOPMENT_ASSET_PATHS = "\"DAY2 CW-2/Preview Content\"";
				ENABLE_PREVIEWS = YES;
				GENERATE_INFOPLIST_FILE = YES;
				INFOPLIST_KEY_UIApplicationSceneManifest_Generation = YES;
				INFOPLIST_KEY_UIApplicationSupportsIndirectInputEvents = YES;
				INFOPLIST_KEY_UILaunchScreen_Generation = YES;
				INFOPLIST_KEY_UISupportedInterfaceOrientations_iPad = "UIInterfaceOrientationPortrait UIInterfaceOrientationPortraitUpsideDown UIInterfaceOrientationLandscapeLeft UIInterfaceOrientationLandscapeRight";
				INFOPLIST_KEY_UISupportedInterfaceOrientations_iPhone = "UIInterfaceOrientationPortrait UIInterfaceOrientationLandscapeLeft UIInterfaceOrientationLandscapeRight";
				LD_RUNPATH_SEARCH_PATHS = (
					"$(inherited)",
					"@executable_path/Frameworks",
				);
				MARKETING_VERSION = 1.0;
				PRODUCT_BUNDLE_IDENTIFIER = "com.shahad4l3jmi.DAY2-CW-2";
				PRODUCT_NAME = "$(TARGET_NAME)";
				SWIFT_EMIT_LOC_STRINGS = YES;
				SWIFT_VERSION = 5.0;
				TARGETED_DEVICE_FAMILY = "1,2";
			};
			name = Release;
		};
		0FEC8BB62895CB7E008223F1 /* Debug */ = {
			isa = XCBuildConfiguration;
			buildSettings = {
				ALWAYS_EMBED_SWIFT_STANDARD_LIBRARIES = YES;
				BUNDLE_LOADER = "$(TEST_HOST)";
				CODE_SIGN_STYLE = Automatic;
				CURRENT_PROJECT_VERSION = 1;
				GENERATE_INFOPLIST_FILE = YES;
				IPHONEOS_DEPLOYMENT_TARGET = 15.5;
				MARKETING_VERSION = 1.0;
				PRODUCT_BUNDLE_IDENTIFIER = "com.shahad4l3jmi.DAY2-CW-2Tests";
				PRODUCT_NAME = "$(TARGET_NAME)";
				SWIFT_EMIT_LOC_STRINGS = NO;
				SWIFT_VERSION = 5.0;
				TARGETED_DEVICE_FAMILY = "1,2";
				TEST_HOST = "$(BUILT_PRODUCTS_DIR)/DAY2 CW-2.app/DAY2 CW-2";
			};
			name = Debug;
		};
		0FEC8BB72895CB7E008223F1 /* Release */ = {
			isa = XCBuildConfiguration;
			buildSettings = {
				ALWAYS_EMBED_SWIFT_STANDARD_LIBRARIES = YES;
				BUNDLE_LOADER = "$(TEST_HOST)";
				CODE_SIGN_STYLE = Automatic;
				CURRENT_PROJECT_VERSION = 1;
				GENERATE_INFOPLIST_FILE = YES;
				IPHONEOS_DEPLOYMENT_TARGET = 15.5;
				MARKETING_VERSION = 1.0;
				PRODUCT_BUNDLE_IDENTIFIER = "com.shahad4l3jmi.DAY2-CW-2Tests";
				PRODUCT_NAME = "$(TARGET_NAME)";
				SWIFT_EMIT_LOC_STRINGS = NO;
				SWIFT_VERSION = 5.0;
				TARGETED_DEVICE_FAMILY = "1,2";
				TEST_HOST = "$(BUILT_PRODUCTS_DIR)/DAY2 CW-2.app/DAY2 CW-2";
			};
			name = Release;
		};
		0FEC8BB92895CB7E008223F1 /* Debug */ = {
			isa = XCBuildConfiguration;
			buildSettings = {
				ALWAYS_EMBED_SWIFT_STANDARD_LIBRARIES = YES;
				CODE_SIGN_STYLE = Automatic;
				CURRENT_PROJECT_VERSION = 1;
				GENERATE_INFOPLIST_FILE = YES;
				MARKETING_VERSION = 1.0;
				PRODUCT_BUNDLE_IDENTIFIER = "com.shahad4l3jmi.DAY2-CW-2UITests";
				PRODUCT_NAME = "$(TARGET_NAME)";
				SWIFT_EMIT_LOC_STRINGS = NO;
				SWIFT_VERSION = 5.0;
				TARGETED_DEVICE_FAMILY = "1,2";
				TEST_TARGET_NAME = "DAY2 CW-2";
			};
			name = Debug;
		};
		0FEC8BBA2895CB7E008223F1 /* Release */ = {
			isa = XCBuildConfiguration;
			buildSettings = {
				ALWAYS_EMBED_SWIFT_STANDARD_LIBRARIES = YES;
				CODE_SIGN_STYLE = Automatic;
				CURRENT_PROJECT_VERSION = 1;
				GENERATE_INFOPLIST_FILE = YES;
				MARKETING_VERSION = 1.0;
				PRODUCT_BUNDLE_IDENTIFIER = "com.shahad4l3jmi.DAY2-CW-2UITests";
				PRODUCT_NAME = "$(TARGET_NAME)";
				SWIFT_EMIT_LOC_STRINGS = NO;
				SWIFT_VERSION = 5.0;
				TARGETED_DEVICE_FAMILY = "1,2";
				TEST_TARGET_NAME = "DAY2 CW-2";
			};
			name = Release;
		};
/* End XCBuildConfiguration section */

/* Begin XCConfigurationList section */
		0FEC8B892895CB7D008223F1 /* Build configuration list for PBXProject "DAY2 CW-2" */ = {
			isa = XCConfigurationList;
			buildConfigurations = (
				0FEC8BB02895CB7E008223F1 /* Debug */,
				0FEC8BB12895CB7E008223F1 /* Release */,
			);
			defaultConfigurationIsVisible = 0;
			defaultConfigurationName = Release;
		};
		0FEC8BB22895CB7E008223F1 /* Build configuration list for PBXNativeTarget "DAY2 CW-2" */ = {
			isa = XCConfigurationList;
			buildConfigurations = (
				0FEC8BB32895CB7E008223F1 /* Debug */,
				0FEC8BB42895CB7E008223F1 /* Release */,
			);
			defaultConfigurationIsVisible = 0;
			defaultConfigurationName = Release;
		};
		0FEC8BB52895CB7E008223F1 /* Build configuration list for PBXNativeTarget "DAY2 CW-2Tests" */ = {
			isa = XCConfigurationList;
			buildConfigurations = (
				0FEC8BB62895CB7E008223F1 /* Debug */,
				0FEC8BB72895CB7E008223F1 /* Release */,
			);
			defaultConfigurationIsVisible = 0;
			defaultConfigurationName = Release;
		};
		0FEC8BB82895CB7E008223F1 /* Build configuration list for PBXNativeTarget "DAY2 CW-2UITests" */ = {
			isa = XCConfigurationList;
			buildConfigurations = (
				0FEC8BB92895CB7E008223F1 /* Debug */,
				0FEC8BBA2895CB7E008223F1 /* Release */,
			);
			defaultConfigurationIsVisible = 0;
			defaultConfigurationName = Release;
		};
/* End XCConfigurationList section */
	};
	rootObject = 0FEC8B862895CB7D008223F1 /* Project object */;
}
